github.com/bwmarrin/snowflake v0.3.0/go.mod h1:NdZxfVWX+oR6y2K0o6qAYv6gIOP9rjG0/E9WsDpxqwE=
github.com/eknkc/amber v0.0.0-20171010120322-cdade1c07385/go.mod h1:0vRUJqYpeSZifjYj7uP3BG/gKcuzL9xWVV/Y+cK33KM=
github.com/fortytw2/leaktest v1.3.0/go.mod h1:jDsjWgpAGjm2CA7WthBh/CdZYEPF31XHquHwclZch5g=
github.com/garyburd/redigo v1.6.2/go.mod h1:NR3MbYisc3/PwhQ00EMzDiPmrwpPxAn5GI05/YaO1SY=
github.com/google/go-cmp v0.5.5/go.mod h1:v8dTdLbMG2kIc/vJvl+f65V22dbkXbowE6jgT/gNBxE=
github.com/gorilla/mux v1.8.0 h1:i40aqfkR1h2SlN9hojwV5ZA91wcXFOvkdNIeFDP5koI=
github.com/gorilla/mux v1.8.0/go.mod h1:DVbg23sWSpFRCP0SfiEN6jmj59UnW/n46BH5rLB71So=
github.com/josharian/intern v1.0.0/go.mod h1:5DoeVV0s6jJacbCEi61lwdGj/aVlrQvzHFFd8Hwg//Y=
github.com/mailru/easyjson v0.7.7/go.mod h1:xzfreul335JAWq5oZzymOObrkdz5UnU4kGfJJLY9Nlc=
github.com/olivere/elastic v6.2.35+incompatible/go.mod h1:J+q1zQJTgAz9woqsbVRqGeB5G1iqDKVBWLNSYW8yfJ8=
github.com/pkg/errors v0.9.1/go.mod h1:bwawxfHBFNV+L2hUp1rHADufV3IMtnDRdf1r5NINEl0=
github.com/pmylund/go-cache v2.1.0+incompatible/go.mod h1:hmz95dGvINpbRZGsqPcd7B5xXY5+EKb5PpGhQY3NTHk=
github.com/rs/cors v1.7.0 h1:+88SsELBHx5r+hZ8TCkggzSstaWNbDvThkVK8H6f9ik=
github.com/rs/cors v1.7.0/go.mod h1:gFx+x8UowdsKA9AchylcLynDq+nNFfI8FkUZdN/jGCU=
github.com/unrolled/render v1.0.3 h1:baO+NG1bZSF2WR4zwh+0bMWauWky7DVrTOfvE2w+aFo=
github.com/unrolled/render v1.0.3/go.mod h1:gN9T0NhL4Bfbwu8ann7Ry/TGHYfosul+J0obPf6NBdM=
github.com/urfave/negroni v1.0.0 h1:kIimOitoypq34K7TG7DUaJ9kq/N4Ofuwi1sjz0KipXc=
github.com/urfave/negroni v1.0.0/go.mod h1:Meg73S6kFm/4PpbYdq35yYWoCZ9mS/YSx+lKnmiohz4=
github.com/widuu/goini v0.0.0-20180603013956-56a38bd2e09b/go.mod h1:4q5KUnbuu2CNbSmQru54JCD9Q49oLopMVPEgroiFtFw=
github.com/xujiajun/gorouter v1.2.0/go.mod h1:yJrIta+bTNpBM/2UT8hLOaEAFckO+m/qmR3luMIQygM=
github.com/xujiajun/mmap-go v1.0.1/go.mod h1:CNN6Sw4SL69Sui00p0zEzcZKbt+5HtEnYUsc6BKKRMg=
github.com/xujiajun/nutsdb v0.5.0/go.mod h1:owdwN0tW084RxEodABLbO7h4Z2s9WiAjZGZFhRh0/1Q=
github.com/xujiajun/utils v0.0.0-20190123093513-8bf096c4f53b/go.mod h1:AZd87GYJlUzl82Yab2kTjx1EyXSQCAfZDhpTo1SQC4k=
golang.org/x/sys v0.0.0-20181221143128-b4a75ba826a6/go.mod h1:STP8DvDyc/dI5b8T5hshtkjS+E42TnysNCUPdjciGhY=
golang.org/x/xerrors v0.0.0-20191204190536-9bdfabe68543/go.mod h1:I/5z698sn9Ka8TeJc9MKroUUfqBBauWjQqLJ2OPfmY0=
